<?xml version="1.0" encoding="utf-8"?>
<Project ToolsVersion="4.0" xmlns="http://schemas.microsoft.com/developer/msbuild/2003">
  <ItemGroup>
    <Filter Include="Source Files">
      <UniqueIdentifier>{4FC737F1-C7A5-4376-A066-2A32D752A2FF}</UniqueIdentifier>
      <Extensions>cpp;c;cc;cxx;def;odl;idl;hpj;bat;asm;asmx</Extensions>
    </Filter>
    <Filter Include="Header Files">
      <UniqueIdentifier>{93995380-89BD-4b04-88EB-625FBE52EBFB}</UniqueIdentifier>
      <Extensions>h;hpp;hxx;hm;inl;inc;xsd</Extensions>
    </Filter>
    <Filter Include="Resource Files">
      <UniqueIdentifier>{67DA6AB6-F800-4c08-8B7A-83BB121AAD01}</UniqueIdentifier>
      <Extensions>rc;ico;cur;bmp;dlg;rc2;rct;bin;rgs;gif;jpg;jpeg;jpe;resx;tiff;tif;png;wav;mfcribbon-ms</Extensions>
    </Filter>
  </ItemGroup>
  <ItemGroup>
    <ClCompile Include="AlwaysOnTop.cpp">
      <Filter>Source Files</Filter>
    </ClCompile>
    <ClCompile Include="ApplicationListDlg.cpp">
      <Filter>Source Files</Filter>
    </ClCompile>
    <ClCompile Include="BackgroundColor.cpp">
      <Filter>Source Files</Filter>
    </ClCompile>
    <ClCompile Include="BackgroundDisplayMode.cpp">
      <Filter>Source Files</Filter>
    </ClCompile>
    <ClCompile Include="BalloonNotif.cpp">
      <Filter>Source Files</Filter>
    </ClCompile>
    <ClCompile Include="CmdLine.cpp">
      <Filter>Source Files</Filter>
    </ClCompile>
    <ClCompile Include="CmdLineOptions.cpp">
      <Filter>Source Files</Filter>
    </ClCompile>
    <ClCompile Include="Config.cpp">
      <Filter>Source Files</Filter>
    </ClCompile>
    <ClCompile Include="ConfigBox.cpp">
      <Filter>Source Files</Filter>
    </ClCompile>
    <ClCompile Include="deskPropsDlg.cpp">
      <Filter>Source Files</Filter>
    </ClCompile>
    <ClCompile Include="Desktop.cpp">
      <Filter>Source Files</Filter>
    </ClCompile>
    <ClCompile Include="DesktopManager.cpp">
      <Filter>Source Files</Filter>
    </ClCompile>
    <ClCompile Include="ExplorerWrapper.cpp">
      <Filter>Source Files</Filter>
    </ClCompile>
    <ClCompile Include="FastWindow.cpp">
      <Filter>Source Files</Filter>
    </ClCompile>
    <ClCompile Include="HidingMethod.cpp">
      <Filter>Source Files</Filter>
    </ClCompile>
    <ClCompile Include="HotkeyConfig.cpp">
      <Filter>Source Files</Filter>
    </ClCompile>
    <ClCompile Include="HotKeyControl.cpp">
      <Filter>Source Files</Filter>
    </ClCompile>
    <ClCompile Include="HotKeyManager.cpp">
      <Filter>Source Files</Filter>
    </ClCompile>
    <ClCompile Include="LinkControl.cpp">
      <Filter>Source Files</Filter>
    </ClCompile>
    <ClCompile Include="Locale.cpp">
      <Filter>Source Files</Filter>
    </ClCompile>
    <ClCompile Include="MouseWarp.cpp">
      <Filter>Source Files</Filter>
    </ClCompile>
    <ClCompile Include="movewindow.cpp">
      <Filter>Source Files</Filter>
    </ClCompile>
    <ClCompile Include="OnScreenDisplay.cpp">
      <Filter>Source Files</Filter>
    </ClCompile>
    <ClCompile Include="PlatformHelper.cpp">
      <Filter>Source Files</Filter>
    </ClCompile>
    <ClCompile Include="Settings.cpp">
      <Filter>Source Files</Filter>
    </ClCompile>
    <ClCompile Include="ShellHook.cpp">
      <Filter>Source Files</Filter>
    </ClCompile>
    <ClCompile Include="stdafx.cpp">
      <Filter>Source Files</Filter>
    </ClCompile>
    <ClCompile Include="TaskPool.cpp">
      <Filter>Source Files</Filter>
    </ClCompile>
    <ClCompile Include="ToolTip.cpp">
      <Filter>Source Files</Filter>
    </ClCompile>
    <ClCompile Include="Transparency.cpp">
      <Filter>Source Files</Filter>
    </ClCompile>
    <ClCompile Include="TrayIcon.cpp">
      <Filter>Source Files</Filter>
    </ClCompile>
    <ClCompile Include="TrayIconsManager.cpp">
      <Filter>Source Files</Filter>
    </ClCompile>
    <ClCompile Include="VirtualDimension.cpp">
      <Filter>Source Files</Filter>
    </ClCompile>
    <ClCompile Include="WallPaper.cpp">
      <Filter>Source Files</Filter>
    </ClCompile>
    <ClCompile Include="Window.cpp">
      <Filter>Source Files</Filter>
    </ClCompile>
    <ClCompile Include="WindowDialogs.cpp">
      <Filter>Source Files</Filter>
    </ClCompile>
    <ClCompile Include="WindowsList.cpp">
      <Filter>Source Files</Filter>
    </ClCompile>
    <ClCompile Include="WindowsManager.cpp">
      <Filter>Source Files</Filter>
    </ClCompile>
    <ClCompile Include="SharedMenuBuffer.cpp">
      <Filter>Source Files</Filter>
    </ClCompile>
  </ItemGroup>
  <ItemGroup>
    <ClInclude Include="AlwaysOnTop.h">
      <Filter>Header Files</Filter>
    </ClInclude>
    <ClInclude Include="ApplicationListDlg.h">
      <Filter>Header Files</Filter>
    </ClInclude>
    <ClInclude Include="BackgroundColor.h">
      <Filter>Header Files</Filter>
    </ClInclude>
    <ClInclude Include="BackgroundDisplayMode.h">
      <Filter>Header Files</Filter>
    </ClInclude>
    <ClInclude Include="BalloonNotif.h">
      <Filter>Header Files</Filter>
    </ClInclude>
    <ClInclude Include="CmdLine.h">
      <Filter>Header Files</Filter>
    </ClInclude>
    <ClInclude Include="Config.h">
      <Filter>Header Files</Filter>
    </ClInclude>
    <ClInclude Include="Desktop.h">
      <Filter>Header Files</Filter>
    </ClInclude>
    <ClInclude Include="DesktopManager.h">
      <Filter>Header Files</Filter>
    </ClInclude>
    <ClInclude Include="ExplorerWrapper.h">
      <Filter>Header Files</Filter>
    </ClInclude>
    <ClInclude Include="FastWindow.h">
      <Filter>Header Files</Filter>
    </ClInclude>
    <ClInclude Include="HidingMethod.h">
      <Filter>Header Files</Filter>
    </ClInclude>
    <ClInclude Include="HotkeyConfig.h">
      <Filter>Header Files</Filter>
    </ClInclude>
    <ClInclude Include="HotKeyControl.h">
      <Filter>Header Files</Filter>
    </ClInclude>
    <ClInclude Include="HotKeyManager.h">
      <Filter>Header Files</Filter>
    </ClInclude>
    <ClInclude Include="LinkControl.h">
      <Filter>Header Files</Filter>
    </ClInclude>
    <ClInclude Include="Locale.h">
      <Filter>Header Files</Filter>
    </ClInclude>
    <ClInclude Include="MouseWarp.h">
      <Filter>Header Files</Filter>
    </ClInclude>
    <ClInclude Include="movewindow.h">
      <Filter>Header Files</Filter>
    </ClInclude>
    <ClInclude Include="OnScreenDisplay.h">
      <Filter>Header Files</Filter>
    </ClInclude>
    <ClInclude Include="PlatformHelper.h">
      <Filter>Header Files</Filter>
    </ClInclude>
    <ClInclude Include="Resource.h">
      <Filter>Header Files</Filter>
    </ClInclude>
    <ClInclude Include="Settings.h">
      <Filter>Header Files</Filter>
    </ClInclude>
    <ClInclude Include="ShellHook.h">
      <Filter>Header Files</Filter>
    </ClInclude>
    <ClInclude Include="stdafx.h">
      <Filter>Header Files</Filter>
    </ClInclude>
    <ClInclude Include="StdString.h">
      <Filter>Header Files</Filter>
    </ClInclude>
    <ClInclude Include="TaskPool.h">
      <Filter>Header Files</Filter>
    </ClInclude>
    <ClInclude Include="ToolTip.h">
      <Filter>Header Files</Filter>
    </ClInclude>
    <ClInclude Include="Transparency.h">
      <Filter>Header Files</Filter>
    </ClInclude>
    <ClInclude Include="TrayIcon.h">
      <Filter>Header Files</Filter>
    </ClInclude>
    <ClInclude Include="TrayIconsManager.h">
      <Filter>Header Files</Filter>
    </ClInclude>
    <ClInclude Include="VirtualDimension.h">
      <Filter>Header Files</Filter>
    </ClInclude>
    <ClInclude Include="WallPaper.h">
      <Filter>Header Files</Filter>
    </ClInclude>
    <ClInclude Include="Window.h">
      <Filter>Header Files</Filter>
    </ClInclude>
    <ClInclude Include="WindowsList.h">
      <Filter>Header Files</Filter>
    </ClInclude>
    <ClInclude Include="WindowsManager.h">
      <Filter>Header Files</Filter>
    </ClInclude>
    <ClInclude Include="SharedMenuBuffer.h">
      <Filter>Header Files</Filter>
    </ClInclude>
    <ClInclude Include="HookDLL.h">
      <Filter>Header Files</Filter>
    </ClInclude>
  </ItemGroup>
  <ItemGroup>
    <None Include="Transp.def">
      <Filter>Source Files</Filter>
    </None>
    <None Include="logo.gif">
      <Filter>Resource Files</Filter>
    </None>
    <None Include="defaultapp_sm.ico">
      <Filter>Resource Files</Filter>
    </None>
    <None Include="english.ico">
      <Filter>Resource Files</Filter>
    </None>
    <None Include="french.ico">
      <Filter>Resource Files</Filter>
    </None>
    <None Include="kill.ico">
      <Filter>Resource Files</Filter>
    </None>
    <None Include="maxH.ico">
      <Filter>Resource Files</Filter>
    </None>
    <None Include="maxV.ico">
      <Filter>Resource Files</Filter>
    </None>
    <None Include="minTray.ico">
      <Filter>Resource Files</Filter>
    </None>
    <None Include="VirtualDimension.ico">
      <Filter>Resource Files</Filter>
    </None>
    <None Include="kill.bmp">
      <Filter>Resource Files</Filter>
    </None>
    <None Include="maxH.bmp">
      <Filter>Resource Files</Filter>
    </None>
    <None Include="maxV.bmp">
      <Filter>Resource Files</Filter>
    </None>
    <None Include="minTray.bmp">
      <Filter>Resource Files</Filter>
    </None>
  </ItemGroup>
  <ItemGroup>
    <Manifest Include="VirtualDimension.exe.manifest" />
  </ItemGroup>
  <ItemGroup>
    <ResourceCompile Include="VirtualDimension.rc">
      <Filter>Resource Files</Filter>
    </ResourceCompile>
  </ItemGroup>
</Project>